
Microsoft Visual Studio Solution File, Format Version 12.00
# Visual Studio Version 17
VisualStudioVersion = 17.3.32825.248
MinimumVisualStudioVersion = 10.0.40219.1
Project("{FAE04EC0-301F-11D3-BF4B-00C04F79EFBC}") = "ConsoleApp", "ConsoleApp\ConsoleApp.csproj", "{7ED6B32A-A636-460B-A00D-36FA742DBB1C}"
EndProject
Project("{9A19103F-16F7-4668-BE54-9A1E7A4F7556}") = "Wasmtime", "..\wasmtime-dotnet\src\Wasmtime.csproj", "{35B7C7DB-8F7E-4852-9F16-0F8F7EDD4215}"
EndProject
Global
	GlobalSection(SolutionConfigurationPlatforms) = preSolution
		Debug|Any CPU = Debug|Any CPU
		Release|Any CPU = Release|Any CPU
	EndGlobalSection
	GlobalSection(ProjectConfigurationPlatforms) = postSolution
		{7ED6B32A-A636-460B-A00D-36FA742DBB1C}.Debug|Any CPU.ActiveCfg = Debug|Any CPU
		{7ED6B32A-A636-460B-A00D-36FA742DBB1C}.Debug|Any CPU.Build.0 = Debug|Any CPU
		{7ED6B32A-A636-460B-A00D-36FA742DBB1C}.Release|Any CPU.ActiveCfg = Release|Any CPU
		{7ED6B32A-A636-460B-A00D-36FA742DBB1C}.Release|Any CPU.Build.0 = Release|Any CPU
		{35B7C7DB-8F7E-4852-9F16-0F8F7EDD4215}.Debug|Any CPU.ActiveCfg = Debug|Any CPU
		{35B7C7DB-8F7E-4852-9F16-0F8F7EDD4215}.Debug|Any CPU.Build.0 = Debug|Any CPU
		{35B7C7DB-8F7E-4852-9F16-0F8F7EDD4215}.Release|Any CPU.ActiveCfg = Release|Any CPU
		{35B7C7DB-8F7E-4852-9F16-0F8F7EDD4215}.Release|Any CPU.Build.0 = Release|Any CPU
	EndGlobalSection
	GlobalSection(SolutionProperties) = preSolution
		HideSolutionNode = FALSE
	EndGlobalSection
	GlobalSection(ExtensibilityGlobals) = postSolution
		SolutionGuid = {8E913984-BF01-4F17-9EB7-C72BF248BC86}
	EndGlobalSection
EndGlobal
